
Microsoft Visual Studio Solution File, Format Version 12.00
# Visual Studio Version 16
VisualStudioVersion = 16.0.31624.102
MinimumVisualStudioVersion = 10.0.40219.1
Project("{FAE04EC0-301F-11D3-BF4B-00C04F79EFBC}") = "DavidPatrício_TrabalhoAvaliacao_Jogadores", "DavidPatrício_TrabalhoAvaliacao_Jogadores.csproj", "{EE0FEDC8-FB66-4E15-BF25-2DA4CCA52A7A}"
EndProject
Global
	GlobalSection(SolutionConfigurationPlatforms) = preSolution
		Debug|Any CPU = Debug|Any CPU
		Release|Any CPU = Release|Any CPU
	EndGlobalSection
	GlobalSection(ProjectConfigurationPlatforms) = postSolution
		{EE0FEDC8-FB66-4E15-BF25-2DA4CCA52A7A}.Debug|Any CPU.ActiveCfg = Debug|Any CPU
		{EE0FEDC8-FB66-4E15-BF25-2DA4CCA52A7A}.Debug|Any CPU.Build.0 = Debug|Any CPU
		{EE0FEDC8-FB66-4E15-BF25-2DA4CCA52A7A}.Release|Any CPU.ActiveCfg = Release|Any CPU
		{EE0FEDC8-FB66-4E15-BF25-2DA4CCA52A7A}.Release|Any CPU.Build.0 = Release|Any CPU
	EndGlobalSection
	GlobalSection(SolutionProperties) = preSolution
		HideSolutionNode = FALSE
	EndGlobalSection
	GlobalSection(ExtensibilityGlobals) = postSolution
		SolutionGuid = {6C690EB6-28BD-4B33-BB59-949556482FEA}
	EndGlobalSection
EndGlobal
